
Microsoft Visual Studio Solution File, Format Version 12.00
# Visual Studio 15
VisualStudioVersion = 15.0.27130.2020
MinimumVisualStudioVersion = 10.0.40219.1
Project("{F184B08F-C81C-45F6-A57F-5ABD9991F28F}") = "EFOS", "EFOS\EFOS.vbproj", "{16D2339D-AF93-41B8-A96A-012521F2AB23}"
EndProject
Global
	GlobalSection(SolutionConfigurationPlatforms) = preSolution
		Debug|Any CPU = Debug|Any CPU
		Release|Any CPU = Release|Any CPU
	EndGlobalSection
	GlobalSection(ProjectConfigurationPlatforms) = postSolution
		{16D2339D-AF93-41B8-A96A-012521F2AB23}.Debug|Any CPU.ActiveCfg = Debug|Any CPU
		{16D2339D-AF93-41B8-A96A-012521F2AB23}.Debug|Any CPU.Build.0 = Debug|Any CPU
		{16D2339D-AF93-41B8-A96A-012521F2AB23}.Release|Any CPU.ActiveCfg = Release|Any CPU
		{16D2339D-AF93-41B8-A96A-012521F2AB23}.Release|Any CPU.Build.0 = Release|Any CPU
	EndGlobalSection
	GlobalSection(SolutionProperties) = preSolution
		HideSolutionNode = FALSE
	EndGlobalSection
	GlobalSection(ExtensibilityGlobals) = postSolution
		SolutionGuid = {B54C90A8-AB21-44C6-B0AC-3F7C4C69E140}
	EndGlobalSection
EndGlobal
